
Microsoft Visual Studio Solution File, Format Version 12.00
# Visual Studio Version 17
VisualStudioVersion = 17.13.35931.197 d17.13
MinimumVisualStudioVersion = 10.0.40219.1
Project("{FAE04EC0-301F-11D3-BF4B-00C04F79EFBC}") = "file manege system", "file manege system\file manege system.csproj", "{E3001548-C8CB-4A05-819C-BA333C2888A6}"
EndProject
Global
	GlobalSection(SolutionConfigurationPlatforms) = preSolution
		Debug|Any CPU = Debug|Any CPU
		Release|Any CPU = Release|Any CPU
	EndGlobalSection
	GlobalSection(ProjectConfigurationPlatforms) = postSolution
		{E3001548-C8CB-4A05-819C-BA333C2888A6}.Debug|Any CPU.ActiveCfg = Debug|Any CPU
		{E3001548-C8CB-4A05-819C-BA333C2888A6}.Debug|Any CPU.Build.0 = Debug|Any CPU
		{E3001548-C8CB-4A05-819C-BA333C2888A6}.Release|Any CPU.ActiveCfg = Release|Any CPU
		{E3001548-C8CB-4A05-819C-BA333C2888A6}.Release|Any CPU.Build.0 = Release|Any CPU
	EndGlobalSection
	GlobalSection(SolutionProperties) = preSolution
		HideSolutionNode = FALSE
	EndGlobalSection
	GlobalSection(ExtensibilityGlobals) = postSolution
		SolutionGuid = {62F5C2CA-1B27-4168-AF62-6E20BDEDC22C}
	EndGlobalSection
EndGlobal
